
Microsoft Visual Studio Solution File, Format Version 12.00
# Visual Studio 14
VisualStudioVersion = 14.0.24720.0
MinimumVisualStudioVersion = 10.0.40219.1
Project("{FAE04EC0-301F-11D3-BF4B-00C04F79EFBC}") = "JPager.Net.Web", "JPager.Net.Web\JPager.Net.Web.csproj", "{AA1F3F1E-3AE1-48BE-AD65-142264764DF2}"
EndProject
Project("{FAE04EC0-301F-11D3-BF4B-00C04F79EFBC}") = "JPager.Net", "JPager.Net\JPager.Net.csproj", "{BF05EB9A-F7B6-46AA-AFFF-CE4E863A1398}"
EndProject
Global
	GlobalSection(SolutionConfigurationPlatforms) = preSolution
		Debug|Any CPU = Debug|Any CPU
		Release|Any CPU = Release|Any CPU
	EndGlobalSection
	GlobalSection(ProjectConfigurationPlatforms) = postSolution
		{AA1F3F1E-3AE1-48BE-AD65-142264764DF2}.Debug|Any CPU.ActiveCfg = Debug|Any CPU
		{AA1F3F1E-3AE1-48BE-AD65-142264764DF2}.Debug|Any CPU.Build.0 = Debug|Any CPU
		{AA1F3F1E-3AE1-48BE-AD65-142264764DF2}.Release|Any CPU.ActiveCfg = Release|Any CPU
		{AA1F3F1E-3AE1-48BE-AD65-142264764DF2}.Release|Any CPU.Build.0 = Release|Any CPU
		{BF05EB9A-F7B6-46AA-AFFF-CE4E863A1398}.Debug|Any CPU.ActiveCfg = Debug|Any CPU
		{BF05EB9A-F7B6-46AA-AFFF-CE4E863A1398}.Debug|Any CPU.Build.0 = Debug|Any CPU
		{BF05EB9A-F7B6-46AA-AFFF-CE4E863A1398}.Release|Any CPU.ActiveCfg = Release|Any CPU
		{BF05EB9A-F7B6-46AA-AFFF-CE4E863A1398}.Release|Any CPU.Build.0 = Release|Any CPU
	EndGlobalSection
	GlobalSection(SolutionProperties) = preSolution
		HideSolutionNode = FALSE
	EndGlobalSection
EndGlobal
